// This lockfile was autogenerated by Pants. To regenerate, run:
//
//    pants generate-lockfiles --resolve=python-default
//
// --- BEGIN PANTS LOCKFILE METADATA: DO NOT EDIT OR REMOVE ---
// {
//   "version": 3,
//   "valid_for_interpreter_constraints": [
//     "CPython<3.9,>=3.8"
//   ],
//   "generated_with_requirements": [
//     "torch==2.0.0"
//   ],
//   "manylinux": "manylinux2014",
//   "requirement_constraints": [],
//   "only_binary": [],
//   "no_binary": []
// }
// --- END PANTS LOCKFILE METADATA ---

{
  "allow_builds": true,
  "allow_prereleases": false,
  "allow_wheels": true,
  "build_isolation": true,
  "constraints": [],
  "locked_resolves": [
    {
      "locked_requirements": [
        {
          "artifacts": [
            {
              "algorithm": "sha256",
              "hash": "ad98852315c2ab702aeb628412cbf7e95b7ce8c3bf9565670b4eaecf1db370a9",
              "url": "https://files.pythonhosted.org/packages/ad/73/b094a662ae05cdc4ec95bc54e434e307986a5de5960166b8161b7c1373ee/filelock-3.12.0-py3-none-any.whl"
            },
            {
              "algorithm": "sha256",
              "hash": "fc03ae43288c013d2ea83c8597001b1129db351aad9c57fe2409327916b8e718",
              "url": "https://files.pythonhosted.org/packages/24/85/cf4df939cc0a037ebfe18353005e775916faec24dcdbc7a2f6539ad9d943/filelock-3.12.0.tar.gz"
            }
          ],
          "project_name": "filelock",
          "requires_dists": [
            "covdefaults>=2.3; extra == \"testing\"",
            "coverage>=7.2.3; extra == \"testing\"",
            "diff-cover>=7.5; extra == \"testing\"",
            "furo>=2023.3.27; extra == \"docs\"",
            "pytest-cov>=4; extra == \"testing\"",
            "pytest-mock>=3.10; extra == \"testing\"",
            "pytest-timeout>=2.1; extra == \"testing\"",
            "pytest>=7.3.1; extra == \"testing\"",
            "sphinx-autodoc-typehints!=1.23.4,>=1.23; extra == \"docs\"",
            "sphinx>=6.1.3; extra == \"docs\""
          ],
          "requires_python": ">=3.7",
          "version": "3.12.0"
        },
        {
          "artifacts": [
            {
              "algorithm": "sha256",
              "hash": "6088930bfe239f0e6710546ab9c19c9ef35e29792895fed6e6e31a023a182a61",
              "url": "https://files.pythonhosted.org/packages/bc/c3/f068337a370801f372f2f8f6bad74a5c140f6fda3d9de154052708dd3c65/Jinja2-3.1.2-py3-none-any.whl"
            },
            {
              "algorithm": "sha256",
              "hash": "31351a702a408a9e7595a8fc6150fc3f43bb6bf7e319770cbc0db9df9437e852",
              "url": "https://files.pythonhosted.org/packages/7a/ff/75c28576a1d900e87eb6335b063fab47a8ef3c8b4d88524c4bf78f670cce/Jinja2-3.1.2.tar.gz"
            }
          ],
          "project_name": "jinja2",
          "requires_dists": [
            "Babel>=2.7; extra == \"i18n\"",
            "MarkupSafe>=2.0"
          ],
          "requires_python": ">=3.7",
          "version": "3.1.2"
        },
        {
          "artifacts": [
            {
              "algorithm": "sha256",
              "hash": "2298c859cfc5463f1b64bd55cb3e602528db6fa0f3cfd568d3605c50678f8f03",
              "url": "https://files.pythonhosted.org/packages/0d/15/82b108c697bec4c26c00aed6975b778cf0eac6cbb77598862b10550b7fcc/MarkupSafe-2.1.2-cp38-cp38-musllinux_1_1_x86_64.whl"
            },
            {
              "algorithm": "sha256",
              "hash": "8db032bf0ce9022a8e41a22598eefc802314e81b879ae093f36ce9ddf39ab1ba",
              "url": "https://files.pythonhosted.org/packages/29/d2/243e6b860d97c18d848fc2bee2f39d102755a2b04a5ce4d018d839711b46/MarkupSafe-2.1.2-cp38-cp38-musllinux_1_1_i686.whl"
            },
            {
              "algorithm": "sha256",
              "hash": "f8ffb705ffcf5ddd0e80b65ddf7bed7ee4f5a441ea7d3419e861a12eaf41af58",
              "url": "https://files.pythonhosted.org/packages/48/cc/d027612e17b56088cfccd2c8e083518995fcb25a7b4f17fc146362a0499d/MarkupSafe-2.1.2-cp38-cp38-musllinux_1_1_aarch64.whl"
            },
            {
              "algorithm": "sha256",
              "hash": "a4abaec6ca3ad8660690236d11bfe28dfd707778e2442b45addd2f086d6ef094",
              "url": "https://files.pythonhosted.org/packages/4b/34/dc837e5ad9e14634aac4342eb8b12a9be20a4f74f50cc0d765f7aa2fc1e3/MarkupSafe-2.1.2-cp38-cp38-macosx_10_9_x86_64.whl"
            },
            {
              "algorithm": "sha256",
              "hash": "f03a532d7dee1bed20bc4884194a16160a2de9ffc6354b3878ec9682bb623c54",
              "url": "https://files.pythonhosted.org/packages/80/64/ccb65aadd71e7685caa69a885885a673e8748525a243fb26acea37201b44/MarkupSafe-2.1.2-cp38-cp38-manylinux_2_17_aarch64.manylinux2014_aarch64.whl"
            },
            {
              "algorithm": "sha256",
              "hash": "abcabc8c2b26036d62d4c746381a6f7cf60aafcc653198ad678306986b09450d",
              "url": "https://files.pythonhosted.org/packages/95/7e/68018b70268fb4a2a605e2be44ab7b4dd7ce7808adae6c5ef32e34f4b55a/MarkupSafe-2.1.2.tar.gz"
            },
            {
              "algorithm": "sha256",
              "hash": "4cf06cdc1dda95223e9d2d3c58d3b178aa5dacb35ee7e3bbac10e4e1faacb419",
              "url": "https://files.pythonhosted.org/packages/9d/80/8320f182d06a9b289b1a9f266f593feb91d3781c7e104bbe09e0c4c11439/MarkupSafe-2.1.2-cp38-cp38-manylinux_2_17_x86_64.manylinux2014_x86_64.whl"
            },
            {
              "algorithm": "sha256",
              "hash": "22731d79ed2eb25059ae3df1dfc9cb1546691cc41f4e3130fe6bfbc3ecbbecfa",
              "url": "https://files.pythonhosted.org/packages/c7/0e/22d0c8e6ee84414e251bd1bc555b2705af6b3fb99f0ba1ead2a0f51d423b/MarkupSafe-2.1.2-cp38-cp38-manylinux_2_5_i686.manylinux1_i686.manylinux_2_17_i686.manylinux2014_i686.whl"
            },
            {
              "algorithm": "sha256",
              "hash": "a806db027852538d2ad7555b203300173dd1b77ba116de92da9afbc3a3be3eed",
              "url": "https://files.pythonhosted.org/packages/d1/10/ff89b23d4a24051c4e4f689b79ee06f230d7e9431445e24f5dd9d9a89730/MarkupSafe-2.1.2-cp38-cp38-macosx_10_9_universal2.whl"
            }
          ],
          "project_name": "markupsafe",
          "requires_dists": [],
          "requires_python": ">=3.7",
          "version": "2.1.2"
        },
        {
          "artifacts": [
            {
              "algorithm": "sha256",
              "hash": "a0b2b9fe80bbcd81a6647ff13108738cfb482d481d826cc0e02f5b35e5c88d2c",
              "url": "https://files.pythonhosted.org/packages/43/e3/7d92a15f894aa0c9c4b49b8ee9ac9850d6e63b03c9c32c0367a13ae62209/mpmath-1.3.0-py3-none-any.whl"
            },
            {
              "algorithm": "sha256",
              "hash": "7a28eb2a9774d00c7bc92411c19a89209d5da7c4c9a9e227be8330a23a25b91f",
              "url": "https://files.pythonhosted.org/packages/e0/47/dd32fa426cc72114383ac549964eecb20ecfd886d1e5ccf5340b55b02f57/mpmath-1.3.0.tar.gz"
            }
          ],
          "project_name": "mpmath",
          "requires_dists": [
            "codecov; extra == \"develop\"",
            "gmpy2>=2.1.0a4; platform_python_implementation != \"PyPy\" and extra == \"gmpy\"",
            "pycodestyle; extra == \"develop\"",
            "pytest-cov; extra == \"develop\"",
            "pytest>=4.6; extra == \"develop\"",
            "pytest>=4.6; extra == \"tests\"",
            "sphinx; extra == \"docs\"",
            "wheel; extra == \"develop\""
          ],
          "requires_python": null,
          "version": "1.3.0"
        },
        {
          "artifacts": [
            {
              "algorithm": "sha256",
              "hash": "4f33f68cb2afcf86f28a45f43efc27a9386b535d567d2127f8f61d51dec58d36",
              "url": "https://files.pythonhosted.org/packages/a8/05/9d4f9b78ead6b2661d6e8ea772e111fc4a9fbd866ad0c81906c11206b55e/networkx-3.1-py3-none-any.whl"
            },
            {
              "algorithm": "sha256",
              "hash": "de346335408f84de0eada6ff9fafafff9bcda11f0a0dfaa931133debb146ab61",
              "url": "https://files.pythonhosted.org/packages/fd/a1/47b974da1a73f063c158a1f4cc33ed0abf7c04f98a19050e80c533c31f0c/networkx-3.1.tar.gz"
            }
          ],
          "project_name": "networkx",
          "requires_dists": [
            "codecov>=2.1; extra == \"test\"",
            "lxml>=4.6; extra == \"extra\"",
            "matplotlib>=3.4; extra == \"default\"",
            "mypy>=1.1; extra == \"developer\"",
            "nb2plots>=0.6; extra == \"doc\"",
            "numpy>=1.20; extra == \"default\"",
            "numpydoc>=1.5; extra == \"doc\"",
            "pandas>=1.3; extra == \"default\"",
            "pillow>=9.4; extra == \"doc\"",
            "pre-commit>=3.2; extra == \"developer\"",
            "pydata-sphinx-theme>=0.13; extra == \"doc\"",
            "pydot>=1.4.2; extra == \"extra\"",
            "pygraphviz>=1.10; extra == \"extra\"",
            "pytest-cov>=4.0; extra == \"test\"",
            "pytest>=7.2; extra == \"test\"",
            "scipy>=1.8; extra == \"default\"",
            "sphinx-gallery>=0.12; extra == \"doc\"",
            "sphinx>=6.1; extra == \"doc\"",
            "sympy>=1.10; extra == \"extra\"",
            "texext>=0.6.7; extra == \"doc\""
          ],
          "requires_python": ">=3.8",
          "version": "3.1"
        },
        {
          "artifacts": [
            {
              "algorithm": "sha256",
              "hash": "938f984ee2b1e8eae8a07b884c8b7a1146010040fccddc6539c54f401c8f6fcf",
              "url": "https://files.pythonhosted.org/packages/2d/49/a2d03101e2d28ad528968144831d506344418ef1cc04839acdbe185889c2/sympy-1.11.1-py3-none-any.whl"
            },
            {
              "algorithm": "sha256",
              "hash": "e32380dce63cb7c0108ed525570092fd45168bdae2faa17e528221ef72e88658",
              "url": "https://files.pythonhosted.org/packages/5a/36/4667b08bc45131fe655a27b1a112c1730f3244343c53a338f44d730bd6ba/sympy-1.11.1.tar.gz"
            }
          ],
          "project_name": "sympy",
          "requires_dists": [
            "mpmath>=0.19"
          ],
          "requires_python": ">=3.8",
          "version": "1.11.1"
        },
        {
          "artifacts": [
            {
              "algorithm": "sha256",
              "hash": "8969aa8375bcbc0c2993e7ede0a7f889df9515f18b9b548433f412affed478d9",
              "url": "https://files.pythonhosted.org/packages/ad/b5/449aa2a51b48dc389b50deae7d9260377a5925e63359cd0dd96d7ebc81a9/torch-2.0.0-1-cp38-cp38-manylinux2014_aarch64.whl"
            },
            {
              "algorithm": "sha256",
              "hash": "11b0384fe3c18c01b8fc5992e70fc519cde65e44c51cc87be1838c1803daf42f",
              "url": "https://files.pythonhosted.org/packages/47/af/8266ea35c6a4e8a59b5e348288debdfc7d9a91356dd674b838131546aa6e/torch-2.0.0-cp38-cp38-manylinux2014_aarch64.whl"
            },
            {
              "algorithm": "sha256",
              "hash": "d292640f0fd72b7a31b2a6e3b635eb5065fcbedd4478f9cad1a1e7a9ec861d35",
              "url": "https://files.pythonhosted.org/packages/67/14/f4b5fb08f3fe59c610e07daa798d194dc40158b2011229dea7e7f5ab182b/torch-2.0.0-cp38-none-macosx_11_0_arm64.whl"
            },
            {
              "algorithm": "sha256",
              "hash": "ec5fff2447663e369682838ff0f82187b4d846057ef4d119a8dea7772a0b17dd",
              "url": "https://files.pythonhosted.org/packages/89/5a/0d017d8d45cc309f9de8e5b8edc9b6b204d8c47936a3f2b84cf01650cf98/torch-2.0.0-cp38-cp38-manylinux1_x86_64.whl"
            },
            {
              "algorithm": "sha256",
              "hash": "cc788cbbbbc6eb4c90e52c550efd067586c2693092cf367c135b34893a64ae78",
              "url": "https://files.pythonhosted.org/packages/f7/ee/e00f3fab0383fccf8ee1697ba468e0248bd36a9942d00d6c12fb08cb393a/torch-2.0.0-cp38-none-macosx_10_9_x86_64.whl"
            }
          ],
          "project_name": "torch",
          "requires_dists": [
            "filelock",
            "jinja2",
            "networkx",
            "opt-einsum>=3.3; extra == \"opt-einsum\"",
            "sympy",
            "typing-extensions"
          ],
          "requires_python": ">=3.8.0",
          "version": "2.0.0"
        },
        {
          "artifacts": [
            {
              "algorithm": "sha256",
              "hash": "fb33085c39dd998ac16d1431ebc293a8b3eedd00fd4a32de0ff79002c19511b4",
              "url": "https://files.pythonhosted.org/packages/31/25/5abcd82372d3d4a3932e1fa8c3dbf9efac10cc7c0d16e78467460571b404/typing_extensions-4.5.0-py3-none-any.whl"
            },
            {
              "algorithm": "sha256",
              "hash": "5cb5f4a79139d699607b3ef622a1dedafa84e115ab0024e0d9c044a9479ca7cb",
              "url": "https://files.pythonhosted.org/packages/d3/20/06270dac7316220643c32ae61694e451c98f8caf4c8eab3aa80a2bedf0df/typing_extensions-4.5.0.tar.gz"
            }
          ],
          "project_name": "typing-extensions",
          "requires_dists": [],
          "requires_python": ">=3.7",
          "version": "4.5.0"
        }
      ],
      "platform_tag": null
    }
  ],
  "path_mappings": {},
  "pex_version": "2.1.134",
  "pip_version": "20.3.4-patched",
  "prefer_older_binary": false,
  "requirements": [
    "torch==2.0.0"
  ],
  "requires_python": [
    "<3.9,>=3.8"
  ],
  "resolver_version": "pip-2020-resolver",
  "style": "universal",
  "target_systems": [
    "linux",
    "mac"
  ],
  "transitive": true,
  "use_pep517": null
}
